
Microsoft Visual Studio Solution File, Format Version 12.00
# Visual Studio Version 16
VisualStudioVersion = 16.0.30717.126
MinimumVisualStudioVersion = 10.0.40219.1
Project("{9A19103F-16F7-4668-BE54-9A1E7A4F7556}") = "AnonSocket", "AnonSocket.csproj", "{8F0B9589-1F16-4764-A4AB-A362F2D8D133}"
EndProject
Global
	GlobalSection(SolutionConfigurationPlatforms) = preSolution
		Debug|Any CPU = Debug|Any CPU
		Release|Any CPU = Release|Any CPU
	EndGlobalSection
	GlobalSection(ProjectConfigurationPlatforms) = postSolution
		{8F0B9589-1F16-4764-A4AB-A362F2D8D133}.Debug|Any CPU.ActiveCfg = Debug|Any CPU
		{8F0B9589-1F16-4764-A4AB-A362F2D8D133}.Debug|Any CPU.Build.0 = Debug|Any CPU
		{8F0B9589-1F16-4764-A4AB-A362F2D8D133}.Release|Any CPU.ActiveCfg = Release|Any CPU
		{8F0B9589-1F16-4764-A4AB-A362F2D8D133}.Release|Any CPU.Build.0 = Release|Any CPU
	EndGlobalSection
	GlobalSection(SolutionProperties) = preSolution
		HideSolutionNode = FALSE
	EndGlobalSection
	GlobalSection(ExtensibilityGlobals) = postSolution
		SolutionGuid = {AEEB9EC0-2D46-40E9-953A-052168C3656F}
	EndGlobalSection
EndGlobal
